// !$*UTF8*$!
{
	archiveVersion = 1;
	classes = {
	};
	objectVersion = 46;
	objects = {

/* Begin PBXBuildFile section */
		CE537E3A1DC7460700DB39E4 /* alert_bg.png in Resources */ = {isa = PBXBuildFile; fileRef = CE537E351DC7460700DB39E4 /* alert_bg.png */; };
		CE537E3B1DC7460700DB39E4 /* close@2x.png in Resources */ = {isa = PBXBuildFile; fileRef = CE537E361DC7460700DB39E4 /* close@2x.png */; };
		CE537E3C1DC7460700DB39E4 /* success@2x.png in Resources */ = {isa = PBXBuildFile; fileRef = CE537E371DC7460700DB39E4 /* success@2x.png */; };
		CE537E3D1DC7460700DB39E4 /* TTAlert.m in Sources */ = {isa = PBXBuildFile; fileRef = CE537E391DC7460700DB39E4 /* TTAlert.m */; };
		CE614AF91DC71A0A0063A4E0 /* main.m in Sources */ = {isa = PBXBuildFile; fileRef = CE614AF81DC71A0A0063A4E0 /* main.m */; };
		CE614AFC1DC71A0A0063A4E0 /* AppDelegate.m in Sources */ = {isa = PBXBuildFile; fileRef = CE614AFB1DC71A0A0063A4E0 /* AppDelegate.m */; };
		CE614AFF1DC71A0A0063A4E0 /* ViewController.m in Sources */ = {isa = PBXBuildFile; fileRef = CE614AFE1DC71A0A0063A4E0 /* ViewController.m */; };
		CE614B021DC71A0A0063A4E0 /* Main.storyboard in Resources */ = {isa = PBXBuildFile; fileRef = CE614B001DC71A0A0063A4E0 /* Main.storyboard */; };
		CE614B041DC71A0A0063A4E0 /* Assets.xcassets in Resources */ = {isa = PBXBuildFile; fileRef = CE614B031DC71A0A0063A4E0 /* Assets.xcassets */; };
		CE614B071DC71A0A0063A4E0 /* LaunchScreen.storyboard in Resources */ = {isa = PBXBuildFile; fileRef = CE614B051DC71A0A0063A4E0 /* LaunchScreen.storyboard */; };
/* End PBXBuildFile section */

/* Begin PBXFileReference section */
		CE537E351DC7460700DB39E4 /* alert_bg.png */ = {isa = PBXFileReference; lastKnownFileType = image.png; path = alert_bg.png; sourceTree = "<group>"; };
		CE537E361DC7460700DB39E4 /* close@2x.png */ = {isa = PBXFileReference; lastKnownFileType = image.png; path = "close@2x.png"; sourceTree = "<group>"; };
		CE537E371DC7460700DB39E4 /* success@2x.png */ = {isa = PBXFileReference; lastKnownFileType = image.png; path = "success@2x.png"; sourceTree = "<group>"; };
		CE537E381DC7460700DB39E4 /* TTAlert.h */ = {isa = PBXFileReference; fileEncoding = 4; lastKnownFileType = sourcecode.c.h; path = TTAlert.h; sourceTree = "<group>"; };
		CE537E391DC7460700DB39E4 /* TTAlert.m */ = {isa = PBXFileReference; fileEncoding = 4; lastKnownFileType = sourcecode.c.objc; path = TTAlert.m; sourceTree = "<group>"; };
		CE614AF41DC71A0A0063A4E0 /* TTAlertViewExample.app */ = {isa = PBXFileReference; explicitFileType = wrapper.application; includeInIndex = 0; path = TTAlertViewExample.app; sourceTree = BUILT_PRODUCTS_DIR; };
		CE614AF81DC71A0A0063A4E0 /* main.m */ = {isa = PBXFileReference; lastKnownFileType = sourcecode.c.objc; path = main.m; sourceTree = "<group>"; };
		CE614AFA1DC71A0A0063A4E0 /* AppDelegate.h */ = {isa = PBXFileReference; lastKnownFileType = sourcecode.c.h; path = AppDelegate.h; sourceTree = "<group>"; };
		CE614AFB1DC71A0A0063A4E0 /* AppDelegate.m */ = {isa = PBXFileReference; lastKnownFileType = sourcecode.c.objc; path = AppDelegate.m; sourceTree = "<group>"; };
		CE614AFD1DC71A0A0063A4E0 /* ViewController.h */ = {isa = PBXFileReference; lastKnownFileType = sourcecode.c.h; path = ViewController.h; sourceTree = "<group>"; };
		CE614AFE1DC71A0A0063A4E0 /* ViewController.m */ = {isa = PBXFileReference; lastKnownFileType = sourcecode.c.objc; path = ViewController.m; sourceTree = "<group>"; };
		CE614B011DC71A0A0063A4E0 /* Base */ = {isa = PBXFileReference; lastKnownFileType = file.storyboard; name = Base; path = Base.lproj/Main.storyboard; sourceTree = "<group>"; };
		CE614B031DC71A0A0063A4E0 /* Assets.xcassets */ = {isa = PBXFileReference; lastKnownFileType = folder.assetcatalog; path = Assets.xcassets; sourceTree = "<group>"; };
		CE614B061DC71A0A0063A4E0 /* Base */ = {isa = PBXFileReference; lastKnownFileType = file.storyboard; name = Base; path = Base.lproj/LaunchScreen.storyboard; sourceTree = "<group>"; };
		CE614B081DC71A0A0063A4E0 /* Info.plist */ = {isa = PBXFileReference; lastKnownFileType = text.plist.xml; path = Info.plist; sourceTree = "<group>"; };
/* End PBXFileReference section */

/* Begin PBXFrameworksBuildPhase section */
		CE614AF11DC71A0A0063A4E0 /* Frameworks */ = {
			isa = PBXFrameworksBuildPhase;
			buildActionMask = 2147483647;
			files = (
			);
			runOnlyForDeploymentPostprocessing = 0;
		};
/* End PBXFrameworksBuildPhase section */

/* Begin PBXGroup section */
		CE537E331DC7460700DB39E4 /* TTAlert */ = {
			isa = PBXGroup;
			children = (
				CE537E381DC7460700DB39E4 /* TTAlert.h */,
				CE537E391DC7460700DB39E4 /* TTAlert.m */,
				CE537E341DC7460700DB39E4 /* images */,
			);
			path = TTAlert;
			sourceTree = SOURCE_ROOT;
		};
		CE537E341DC7460700DB39E4 /* images */ = {
			isa = PBXGroup;
			children = (
				CE537E351DC7460700DB39E4 /* alert_bg.png */,
				CE537E361DC7460700DB39E4 /* close@2x.png */,
				CE537E371DC7460700DB39E4 /* success@2x.png */,
			);
			path = images;
			sourceTree = "<group>";
		};
		CE614AEB1DC71A090063A4E0 = {
			isa = PBXGroup;
			children = (
				CE614AF61DC71A0A0063A4E0 /* TTAlertViewExample */,
				CE614AF51DC71A0A0063A4E0 /* Products */,
			);
			sourceTree = "<group>";
		};
		CE614AF51DC71A0A0063A4E0 /* Products */ = {
			isa = PBXGroup;
			children = (
				CE614AF41DC71A0A0063A4E0 /* TTAlertViewExample.app */,
			);
			name = Products;
			sourceTree = "<group>";
		};
		CE614AF61DC71A0A0063A4E0 /* TTAlertViewExample */ = {
			isa = PBXGroup;
			children = (
				CE537E331DC7460700DB39E4 /* TTAlert */,
				CE614AFA1DC71A0A0063A4E0 /* AppDelegate.h */,
				CE614AFB1DC71A0A0063A4E0 /* AppDelegate.m */,
				CE614AFD1DC71A0A0063A4E0 /* ViewController.h */,
				CE614AFE1DC71A0A0063A4E0 /* ViewController.m */,
				CE614B001DC71A0A0063A4E0 /* Main.storyboard */,
				CE614B031DC71A0A0063A4E0 /* Assets.xcassets */,
				CE614B051DC71A0A0063A4E0 /* LaunchScreen.storyboard */,
				CE614B081DC71A0A0063A4E0 /* Info.plist */,
				CE614AF71DC71A0A0063A4E0 /* Supporting Files */,
			);
			path = TTAlertViewExample;
			sourceTree = "<group>";
		};
		CE614AF71DC71A0A0063A4E0 /* Supporting Files */ = {
			isa = PBXGroup;
			children = (
				CE614AF81DC71A0A0063A4E0 /* main.m */,
			);
			name = "Supporting Files";
			sourceTree = "<group>";
		};
/* End PBXGroup section */

/* Begin PBXNativeTarget section */
		CE614AF31DC71A0A0063A4E0 /* TTAlertViewExample */ = {
			isa = PBXNativeTarget;
			buildConfigurationList = CE614B0B1DC71A0A0063A4E0 /* Build configuration list for PBXNativeTarget "TTAlertViewExample" */;
			buildPhases = (
				CE614AF01DC71A0A0063A4E0 /* Sources */,
				CE614AF11DC71A0A0063A4E0 /* Frameworks */,
				CE614AF21DC71A0A0063A4E0 /* Resources */,
			);
			buildRules = (
			);
			dependencies = (
			);
			name = TTAlertViewExample;
			productName = TTAlertViewExample;
			productReference = CE614AF41DC71A0A0063A4E0 /* TTAlertViewExample.app */;
			productType = "com.apple.product-type.application";
		};
/* End PBXNativeTarget section */

/* Begin PBXProject section */
		CE614AEC1DC71A090063A4E0 /* Project object */ = {
			isa = PBXProject;
			attributes = {
				LastUpgradeCheck = 0800;
				ORGANIZATIONNAME = "Zhentao Zhang";
				TargetAttributes = {
					CE614AF31DC71A0A0063A4E0 = {
						CreatedOnToolsVersion = 8.0;
						ProvisioningStyle = Automatic;
					};
				};
			};
			buildConfigurationList = CE614AEF1DC71A090063A4E0 /* Build configuration list for PBXProject "TTAlertViewExample" */;
			compatibilityVersion = "Xcode 3.2";
			developmentRegion = English;
			hasScannedForEncodings = 0;
			knownRegions = (
				en,
				Base,
			);
			mainGroup = CE614AEB1DC71A090063A4E0;
			productRefGroup = CE614AF51DC71A0A0063A4E0 /* Products */;
			projectDirPath = "";
			projectRoot = "";
			targets = (
				CE614AF31DC71A0A0063A4E0 /* TTAlertViewExample */,
			);
		};
/* End PBXProject section */

/* Begin PBXResourcesBuildPhase section */
		CE614AF21DC71A0A0063A4E0 /* Resources */ = {
			isa = PBXResourcesBuildPhase;
			buildActionMask = 2147483647;
			files = (
				CE537E3B1DC7460700DB39E4 /* close@2x.png in Resources */,
				CE614B071DC71A0A0063A4E0 /* LaunchScreen.storyboard in Resources */,
				CE537E3C1DC7460700DB39E4 /* success@2x.png in Resources */,
				CE614B041DC71A0A0063A4E0 /* Assets.xcassets in Resources */,
				CE614B021DC71A0A0063A4E0 /* Main.storyboard in Resources */,
				CE537E3A1DC7460700DB39E4 /* alert_bg.png in Resources */,
			);
			runOnlyForDeploymentPostprocessing = 0;
		};
/* End PBXResourcesBuildPhase section */

/* Begin PBXSourcesBuildPhase section */
		CE614AF01DC71A0A0063A4E0 /* Sources */ = {
			isa = PBXSourcesBuildPhase;
			buildActionMask = 2147483647;
			files = (
				CE537E3D1DC7460700DB39E4 /* TTAlert.m in Sources */,
				CE614AFF1DC71A0A0063A4E0 /* ViewController.m in Sources */,
				CE614AFC1DC71A0A0063A4E0 /* AppDelegate.m in Sources */,
				CE614AF91DC71A0A0063A4E0 /* main.m in Sources */,
			);
			runOnlyForDeploymentPostprocessing = 0;
		};
/* End PBXSourcesBuildPhase section */

/* Begin PBXVariantGroup section */
		CE614B001DC71A0A0063A4E0 /* Main.storyboard */ = {
			isa = PBXVariantGroup;
			children = (
				CE614B011DC71A0A0063A4E0 /* Base */,
			);
			name = Main.storyboard;
			sourceTree = "<group>";
		};
		CE614B051DC71A0A0063A4E0 /* LaunchScreen.storyboard */ = {
			isa = PBXVariantGroup;
			children = (
				CE614B061DC71A0A0063A4E0 /* Base */,
			);
			name = LaunchScreen.storyboard;
			sourceTree = "<group>";
		};
/* End PBXVariantGroup section */

/* Begin XCBuildConfiguration section */
		CE614B091DC71A0A0063A4E0 /* Debug */ = {
			isa = XCBuildConfiguration;
			buildSettings = {
				ALWAYS_SEARCH_USER_PATHS = NO;
				CLANG_ANALYZER_NONNULL = YES;
				CLANG_CXX_LANGUAGE_STANDARD = "gnu++0x";
				CLANG_CXX_LIBRARY = "libc++";
				CLANG_ENABLE_MODULES = YES;
				CLANG_ENABLE_OBJC_ARC = YES;
				CLANG_WARN_BOOL_CONVERSION = YES;
				CLANG_WARN_CONSTANT_CONVERSION = YES;
				CLANG_WARN_DIRECT_OBJC_ISA_USAGE = YES_ERROR;
				CLANG_WARN_DOCUMENTATION_COMMENTS = YES;
				CLANG_WARN_EMPTY_BODY = YES;
				CLANG_WARN_ENUM_CONVERSION = YES;
				CLANG_WARN_INFINITE_RECURSION = YES;
				CLANG_WARN_INT_CONVERSION = YES;
				CLANG_WARN_OBJC_ROOT_CLASS = YES_ERROR;
				CLANG_WARN_SUSPICIOUS_MOVES = YES;
				CLANG_WARN_UNREACHABLE_CODE = YES;
				CLANG_WARN__DUPLICATE_METHOD_MATCH = YES;
				"CODE_SIGN_IDENTITY[sdk=iphoneos*]" = "iPhone Developer";
				COPY_PHASE_STRIP = NO;
				DEBUG_INFORMATION_FORMAT = dwarf;
				ENABLE_STRICT_OBJC_MSGSEND = YES;
				ENABLE_TESTABILITY = YES;
				GCC_C_LANGUAGE_STANDARD = gnu99;
				GCC_DYNAMIC_NO_PIC = NO;
				GCC_NO_COMMON_BLOCKS = YES;
				GCC_OPTIMIZATION_LEVEL = 0;
				GCC_PREPROCESSOR_DEFINITIONS = (
					"DEBUG=1",
					"$(inherited)",
				);
				GCC_WARN_64_TO_32_BIT_CONVERSION = YES;
				GCC_WARN_ABOUT_RETURN_TYPE = YES_ERROR;
				GCC_WARN_UNDECLARED_SELECTOR = YES;
				GCC_WARN_UNINITIALIZED_AUTOS = YES_AGGRESSIVE;
				GCC_WARN_UNUSED_FUNCTION = YES;
				GCC_WARN_UNUSED_VARIABLE = YES;
				IPHONEOS_DEPLOYMENT_TARGET = 10.0;
				MTL_ENABLE_DEBUG_INFO = YES;
				ONLY_ACTIVE_ARCH = YES;
				SDKROOT = iphoneos;
			};
			name = Debug;
		};
		CE614B0A1DC71A0A0063A4E0 /* Release */ = {
			isa = XCBuildConfiguration;
			buildSettings = {
				ALWAYS_SEARCH_USER_PATHS = NO;
				CLANG_ANALYZER_NONNULL = YES;
				CLANG_CXX_LANGUAGE_STANDARD = "gnu++0x";
				CLANG_CXX_LIBRARY = "libc++";
				CLANG_ENABLE_MODULES = YES;
				CLANG_ENABLE_OBJC_ARC = YES;
				CLANG_WARN_BOOL_CONVERSION = YES;
				CLANG_WARN_CONSTANT_CONVERSION = YES;
				CLANG_WARN_DIRECT_OBJC_ISA_USAGE = YES_ERROR;
				CLANG_WARN_DOCUMENTATION_COMMENTS = YES;
				CLANG_WARN_EMPTY_BODY = YES;
				CLANG_WARN_ENUM_CONVERSION = YES;
				CLANG_WARN_INFINITE_RECURSION = YES;
				CLANG_WARN_INT_CONVERSION = YES;
				CLANG_WARN_OBJC_ROOT_CLASS = YES_ERROR;
				CLANG_WARN_SUSPICIOUS_MOVES = YES;
				CLANG_WARN_UNREACHABLE_CODE = YES;
				CLANG_WARN__DUPLICATE_METHOD_MATCH = YES;
				"CODE_SIGN_IDENTITY[sdk=iphoneos*]" = "iPhone Developer";
				COPY_PHASE_STRIP = NO;
				DEBUG_INFORMATION_FORMAT = "dwarf-with-dsym";
				ENABLE_NS_ASSERTIONS = NO;
				ENABLE_STRICT_OBJC_MSGSEND = YES;
				GCC_C_LANGUAGE_STANDARD = gnu99;
				GCC_NO_COMMON_BLOCKS = YES;
				GCC_WARN_64_TO_32_BIT_CONVERSION = YES;
				GCC_WARN_ABOUT_RETURN_TYPE = YES_ERROR;
				GCC_WARN_UNDECLARED_SELECTOR = YES;
				GCC_WARN_UNINITIALIZED_AUTOS = YES_AGGRESSIVE;
				GCC_WARN_UNUSED_FUNCTION = YES;
				GCC_WARN_UNUSED_VARIABLE = YES;
				IPHONEOS_DEPLOYMENT_TARGET = 10.0;
				MTL_ENABLE_DEBUG_INFO = NO;
				SDKROOT = iphoneos;
				VALIDATE_PRODUCT = YES;
			};
			name = Release;
		};
		CE614B0C1DC71A0A0063A4E0 /* Debug */ = {
			isa = XCBuildConfiguration;
			buildSettings = {
				ASSETCATALOG_COMPILER_APPICON_NAME = AppIcon;
				INFOPLIST_FILE = TTAlertViewExample/Info.plist;
				IPHONEOS_DEPLOYMENT_TARGET = 8.0;
				LD_RUNPATH_SEARCH_PATHS = "$(inherited) @executable_path/Frameworks";
				PRODUCT_BUNDLE_IDENTIFIER = "com.Zhentao-Zhang.TTAlertViewExample";
				PRODUCT_NAME = "$(TARGET_NAME)";
			};
			name = Debug;
		};
		CE614B0D1DC71A0A0063A4E0 /* Release */ = {
			isa = XCBuildConfiguration;
			buildSettings = {
				ASSETCATALOG_COMPILER_APPICON_NAME = AppIcon;
				INFOPLIST_FILE = TTAlertViewExample/Info.plist;
				IPHONEOS_DEPLOYMENT_TARGET = 8.0;
				LD_RUNPATH_SEARCH_PATHS = "$(inherited) @executable_path/Frameworks";
				PRODUCT_BUNDLE_IDENTIFIER = "com.Zhentao-Zhang.TTAlertViewExample";
				PRODUCT_NAME = "$(TARGET_NAME)";
			};
			name = Release;
		};
/* End XCBuildConfiguration section */

/* Begin XCConfigurationList section */
		CE614AEF1DC71A090063A4E0 /* Build configuration list for PBXProject "TTAlertViewExample" */ = {
			isa = XCConfigurationList;
			buildConfigurations = (
				CE614B091DC71A0A0063A4E0 /* Debug */,
				CE614B0A1DC71A0A0063A4E0 /* Release */,
			);
			defaultConfigurationIsVisible = 0;
			defaultConfigurationName = Release;
		};
		CE614B0B1DC71A0A0063A4E0 /* Build configuration list for PBXNativeTarget "TTAlertViewExample" */ = {
			isa = XCConfigurationList;
			buildConfigurations = (
				CE614B0C1DC71A0A0063A4E0 /* Debug */,
				CE614B0D1DC71A0A0063A4E0 /* Release */,
			);
			defaultConfigurationIsVisible = 0;
			defaultConfigurationName = Release;
		};
/* End XCConfigurationList section */
	};
	rootObject = CE614AEC1DC71A090063A4E0 /* Project object */;
}
